# Generated by buf. DO NOT EDIT.
version: v2
deps:
  - name: buf.build/bufbuild/protovalidate
    commit: e097f827e65240ac9fd4b1158849a8fc
    digest: b5:beda657a164abf9d1bac222e352f14d9a4a8c913ccdb7e5c3dfeda097690f60e8edb27b518c2d8e73b70aecb6ac47fdc3654a1f62b9e09c3566cd4e620628cfd
  - name: buf.build/googleapis/googleapis
    commit: b30c5775bfb3485d9da2e87b26590ac9
    digest: b5:13f091a467b31c7f734307e6760d864e3319b9c47656f2ada6efa45c643864d9c9e7d5cd372c92cc8e0972deb63f41bc8fc88a5ca21ab2e9ea04d2144752857d
  - name: buf.build/pixelperfect/gametypes
    commit: d77adc88581942d8adafb64f95b3a92b
    digest: b5:f1e53ad95f236c8fc565a2c77119a14e3020523457b5e2689697dada9d1fd114a328002b9eb064c5cad845f0be5dd3d337d311f9dd205ae78b53916bbcfa774c
